<?xml version="1.0" encoding="UTF-8" standalone="yes" ?>
<CodeBlocks_project_file>
	<FileVersion major="1" minor="6" />
	<Project>
		<Option title="GeneClassTesting" />
		<Option pch_mode="2" />
		<Option compiler="gcc" />
		<Build>
			<Target title="Debug">
				<Option output="bin/GeneClassTesting" prefix_auto="1" extension_auto="0" />
				<Option working_dir="bin" />
				<Option object_output="obj/Debug/" />
				<Option type="1" />
				<Option compiler="gcc" />
				<Option parameters="--gtest_filter=*TimeTestingInnerParser*" />
				<Compiler>
					<Add option="-std=c++11" />
					<Add option="-pg" />
					<Add option="-g" />
					<Add option="-lpthread" />
					<Add option="-DDEBUG" />
					<Add directory="../../class" />
					<Add directory="../../geneTools/include/gtest" />
					<Add directory="../../geneTools/include/gtest/include" />
					<Add directory="../../geneTools/include/gtest/include/gtest/internal" />
					<Add directory="../NGS/boost-include" />
					<Add directory="../../geneTools/include/gtest/include/gtest" />
					<Add directory="../../geneTools/include/gnuplot-cpp" />
				</Compiler>
				<Linker>
					<Add option="-pg" />
					<Add option="-lpthread" />
					<Add option="-Wl,-whole-archive ../../libs/debug/libgeneClass.a -Wl,-no-whole-archive" />
					<Add library="../../libs/release/libgtest.a" />
				</Linker>
			</Target>
			<Target title="Release">
				<Option output="bin/GeneClassTesting" prefix_auto="1" extension_auto="1" />
				<Option working_dir="bin" />
				<Option object_output="obj/Release/" />
				<Option type="1" />
				<Option compiler="gcc" />
				<Option parameters="--gtest_filter=*ReadWriteLines*" />
				<Compiler>
					<Add option="-O2" />
					<Add option="-std=c++11" />
					<Add option="-fopenmp" />
					<Add option="-lpthread" />
					<Add directory="../../class" />
					<Add directory="../../geneTools/include/gtest" />
					<Add directory="../../geneTools/include/gtest/include" />
					<Add directory="../../geneTools/include/gtest/include/gtest/internal" />
					<Add directory="../NGS/boost-include" />
					<Add directory="../../geneTools/include/gtest/include/gtest" />
					<Add directory="../../geneTools/include/gnuplot-cpp" />
				</Compiler>
				<Linker>
					<Add option="-s" />
					<Add option="-lpthread" />
					<Add option="-Wl,-whole-archive ../../libs/release/libgeneClass.a -Wl,-no-whole-archive" />
					<Add library="../../libs/release/libgtest.a" />
					<Add library="gomp" />
					<Add directory="../../libs/release" />
				</Linker>
			</Target>
		</Build>
		<Compiler>
			<Add option="-std=c++11" />
			<Add option="-Wall" />
			<Add option="-fexceptions" />
			<Add directory="../geneClass" />
			<Add directory="../../utility/gtest/include/gtest" />
			<Add directory="../../utility/gtest/include" />
			<Add directory="../../utility/gtest" />
			<Add directory="../../libs/gnuplot-cpp" />
		</Compiler>
		<Linker>
			<Add option="-static-libgcc" />
			<Add option="-static-libstdc++" />
		</Linker>
		<Unit filename="../NGS++.h" />
		<Unit filename="main.cpp" />
		<Unit filename="uGeneric/test_uGeneric.cpp" />
		<Unit filename="uGeneric/test_uGenericChrom.cpp" />
		<Unit filename="uGeneric/test_uGenericExp.cpp" />
		<Unit filename="uParser/fixtures.h" />
		<Unit filename="uParser/test_uParser.cpp" />
		<Unit filename="uParser/test_uParserBed.cpp" />
		<Unit filename="uParser/test_uParserBedGraph.cpp" />
		<Unit filename="uParser/test_uParserCustom.cpp" />
		<Unit filename="uParser/test_uParserGFF.cpp" />
		<Unit filename="uParser/test_uParserSam.cpp" />
		<Unit filename="uParser/test_uParserWig.cpp" />
		<Unit filename="uTags/uTagTests.cpp" />
		<Unit filename="uTokens/tests_uToken.cpp" />
		<Unit filename="uWriter/tests_Writer_Fixtures.h" />
		<Unit filename="uWriter/tests_uWriter.cpp" />
		<Unit filename="uWriter/tests_uWriterBed.cpp" />
		<Unit filename="uWriter/tests_uWriterBedGraph.cpp" />
		<Unit filename="uWriter/tests_uWriterCustom.cpp" />
		<Unit filename="uWriter/tests_uWriterGFF.cpp" />
		<Unit filename="uWriter/tests_uWriterSam.cpp" />
		<Unit filename="uWriter/tests_uWriterWig.cpp" />
		<Unit filename="utility/utilityTest.cpp" />
		<Extensions>
			<code_completion />
			<debugger />
			<envvars />
		</Extensions>
	</Project>
</CodeBlocks_project_file>
