<?xml version="1.0" encoding="UTF-8" standalone="yes" ?>
<CodeBlocks_project_file>
	<FileVersion major="1" minor="6" />
	<Project>
		<Option title="ReturnOverlapping" />
		<Option pch_mode="2" />
		<Option compiler="gcc" />
		<Build>
			<Target title="Debug">
				<Option output="bin/Debug/ReturnOverlapping" prefix_auto="1" extension_auto="1" />
				<Option object_output="obj/Debug/" />
				<Option type="1" />
				<Option compiler="gcc" />
				<Option parameters="/home/local/USHERBROOKE/nora2001/Work/data/C-DER10-1-5217.bed /home/local/USHERBROOKE/nora2001/Work/data/C-DER10-2-47054.bed" />
				<Compiler>
					<Add option="-pedantic" />
					<Add option="-std=c++11" />
					<Add option="-g" />
				</Compiler>
				<Linker>
					<Add library="../../../../libs/debug/libNGS.a" />
				</Linker>
			</Target>
			<Target title="Release">
				<Option output="bin/Release/ReturnOverlapping" prefix_auto="1" extension_auto="1" />
				<Option object_output="obj/Release/" />
				<Option type="1" />
				<Option compiler="gcc" />
				<Compiler>
					<Add option="-O3" />
					<Add option="-pedantic" />
					<Add option="-std=c++11" />
				</Compiler>
				<Linker>
					<Add option="-s" />
					<Add library="../../../../../libs/release/libNGS.a" />
				</Linker>
			</Target>
		</Build>
		<Compiler>
			<Add option="-Wall" />
			<Add option="-fexceptions" />
			<Add directory="../../../../class" />
			<Add directory="../../boost-include" />
		</Compiler>
		<Linker>
			<Add option="-static-libgcc" />
			<Add option="-static-libstdc++" />
		</Linker>
		<Unit filename="returnOverlapping.cpp" />
		<Extensions>
			<envvars />
			<code_completion />
			<lib_finder disable_auto="1" />
			<debugger />
		</Extensions>
	</Project>
</CodeBlocks_project_file>
